
Microsoft Visual Studio Solution File, Format Version 12.00
# Visual Studio Version 17
VisualStudioVersion = 17.0.31903.59
MinimumVisualStudioVersion = 10.0.40219.1
Project("{FAE04EC0-301F-11D3-BF4B-00C04F79EFBC}") = "TF", "src\TF.csproj", "{EF030E88-53B7-47D9-93AE-EDAF84342041}"
EndProject
Project("{FAE04EC0-301F-11D3-BF4B-00C04F79EFBC}") = "TF.Tests.Unit", "test\TF.Tests.Unit.csproj", "{F88F4E9F-EEA7-41A9-BA98-67AF4471130A}"
EndProject
Global
	GlobalSection(SolutionConfigurationPlatforms) = preSolution
		Debug|Any CPU = Debug|Any CPU
		Release|Any CPU = Release|Any CPU
	EndGlobalSection
	GlobalSection(SolutionProperties) = preSolution
		HideSolutionNode = FALSE
	EndGlobalSection
	GlobalSection(ProjectConfigurationPlatforms) = postSolution
		{EF030E88-53B7-47D9-93AE-EDAF84342041}.Debug|Any CPU.ActiveCfg = Debug|Any CPU
		{EF030E88-53B7-47D9-93AE-EDAF84342041}.Debug|Any CPU.Build.0 = Debug|Any CPU
		{EF030E88-53B7-47D9-93AE-EDAF84342041}.Release|Any CPU.ActiveCfg = Release|Any CPU
		{EF030E88-53B7-47D9-93AE-EDAF84342041}.Release|Any CPU.Build.0 = Release|Any CPU
		{F88F4E9F-EEA7-41A9-BA98-67AF4471130A}.Debug|Any CPU.ActiveCfg = Debug|Any CPU
		{F88F4E9F-EEA7-41A9-BA98-67AF4471130A}.Debug|Any CPU.Build.0 = Debug|Any CPU
		{F88F4E9F-EEA7-41A9-BA98-67AF4471130A}.Release|Any CPU.ActiveCfg = Release|Any CPU
		{F88F4E9F-EEA7-41A9-BA98-67AF4471130A}.Release|Any CPU.Build.0 = Release|Any CPU
	EndGlobalSection
EndGlobal
